
Microsoft Visual Studio Solution File, Format Version 12.00
Project("{FAE04EC0-301F-11D3-BF4B-00C04F79EFBC}") = "dnSpy.Extension.HoLLy", "dnSpy.Extension.HoLLy\dnSpy.Extension.HoLLy.csproj", "{00C1C422-315C-4E62-8F84-DE5B07A5A694}"
EndProject
Project("{FAE04EC0-301F-11D3-BF4B-00C04F79EFBC}") = "dnSpy.Contracts.DnSpy", "dnSpy\dnSpy\dnSpy.Contracts.DnSpy\dnSpy.Contracts.DnSpy.csproj", "{48093B72-0FCE-47C7-893A-68F15F280031}"
EndProject
Project("{FAE04EC0-301F-11D3-BF4B-00C04F79EFBC}") = "dnSpy.Contracts.Logic", "dnSpy\dnSpy\dnSpy.Contracts.Logic\dnSpy.Contracts.Logic.csproj", "{59387AA7-7DEC-41B5-9F82-13172A0C4058}"
EndProject
Project("{2150E333-8FDC-42A3-9474-1A3956D46DE8}") = "dnSpy", "dnSpy", "{AACF54E7-A947-4C62-A6A3-AEADE2777F14}"
EndProject
Project("{FAE04EC0-301F-11D3-BF4B-00C04F79EFBC}") = "dnSpy.Contracts.Debugger", "dnSpy\dnSpy\dnSpy.Contracts.Debugger\dnSpy.Contracts.Debugger.csproj", "{41EABA82-85B9-4509-86C1-037CA1ED367A}"
EndProject
Project("{2150E333-8FDC-42A3-9474-1A3956D46DE8}") = "Echo", "Echo", "{57F16411-4C51-4AEA-A92A-DC5582E019BA}"
EndProject
Project("{FAE04EC0-301F-11D3-BF4B-00C04F79EFBC}") = "Echo.Platforms.Iced", "Echo\src\Platforms\Echo.Platforms.Iced\Echo.Platforms.Iced.csproj", "{987A0AB1-E952-44A0-8706-4BECB1AEDF9D}"
EndProject
Project("{FAE04EC0-301F-11D3-BF4B-00C04F79EFBC}") = "Echo.Core", "Echo\src\Core\Echo.Core\Echo.Core.csproj", "{11FC788B-06C2-4C2B-BE86-1FFC0F0BDD91}"
EndProject
Project("{FAE04EC0-301F-11D3-BF4B-00C04F79EFBC}") = "Echo.ControlFlow", "Echo\src\Core\Echo.ControlFlow\Echo.ControlFlow.csproj", "{7545823C-33AE-4B3B-9286-A279AE676E74}"
EndProject
Project("{FAE04EC0-301F-11D3-BF4B-00C04F79EFBC}") = "Echo.DataFlow", "Echo\src\Core\Echo.DataFlow\Echo.DataFlow.csproj", "{85A30584-18FF-48DE-A690-2B26D341F74B}"
EndProject
Global
	GlobalSection(SolutionConfigurationPlatforms) = preSolution
		Debug|Any CPU = Debug|Any CPU
		Release|Any CPU = Release|Any CPU
	EndGlobalSection
	GlobalSection(ProjectConfigurationPlatforms) = postSolution
		{00C1C422-315C-4E62-8F84-DE5B07A5A694}.Debug|Any CPU.ActiveCfg = Debug|Any CPU
		{00C1C422-315C-4E62-8F84-DE5B07A5A694}.Debug|Any CPU.Build.0 = Debug|Any CPU
		{00C1C422-315C-4E62-8F84-DE5B07A5A694}.Release|Any CPU.ActiveCfg = Release|Any CPU
		{00C1C422-315C-4E62-8F84-DE5B07A5A694}.Release|Any CPU.Build.0 = Release|Any CPU
		{48093B72-0FCE-47C7-893A-68F15F280031}.Debug|Any CPU.ActiveCfg = Debug|Any CPU
		{48093B72-0FCE-47C7-893A-68F15F280031}.Debug|Any CPU.Build.0 = Debug|Any CPU
		{48093B72-0FCE-47C7-893A-68F15F280031}.Release|Any CPU.ActiveCfg = Release|Any CPU
		{48093B72-0FCE-47C7-893A-68F15F280031}.Release|Any CPU.Build.0 = Release|Any CPU
		{59387AA7-7DEC-41B5-9F82-13172A0C4058}.Debug|Any CPU.ActiveCfg = Debug|Any CPU
		{59387AA7-7DEC-41B5-9F82-13172A0C4058}.Debug|Any CPU.Build.0 = Debug|Any CPU
		{59387AA7-7DEC-41B5-9F82-13172A0C4058}.Release|Any CPU.ActiveCfg = Release|Any CPU
		{59387AA7-7DEC-41B5-9F82-13172A0C4058}.Release|Any CPU.Build.0 = Release|Any CPU
		{41EABA82-85B9-4509-86C1-037CA1ED367A}.Debug|Any CPU.ActiveCfg = Debug|Any CPU
		{41EABA82-85B9-4509-86C1-037CA1ED367A}.Debug|Any CPU.Build.0 = Debug|Any CPU
		{41EABA82-85B9-4509-86C1-037CA1ED367A}.Release|Any CPU.ActiveCfg = Release|Any CPU
		{41EABA82-85B9-4509-86C1-037CA1ED367A}.Release|Any CPU.Build.0 = Release|Any CPU
		{987A0AB1-E952-44A0-8706-4BECB1AEDF9D}.Debug|Any CPU.ActiveCfg = Debug|Any CPU
		{987A0AB1-E952-44A0-8706-4BECB1AEDF9D}.Debug|Any CPU.Build.0 = Debug|Any CPU
		{987A0AB1-E952-44A0-8706-4BECB1AEDF9D}.Release|Any CPU.ActiveCfg = Release|Any CPU
		{987A0AB1-E952-44A0-8706-4BECB1AEDF9D}.Release|Any CPU.Build.0 = Release|Any CPU
		{11FC788B-06C2-4C2B-BE86-1FFC0F0BDD91}.Debug|Any CPU.ActiveCfg = Debug|Any CPU
		{11FC788B-06C2-4C2B-BE86-1FFC0F0BDD91}.Debug|Any CPU.Build.0 = Debug|Any CPU
		{11FC788B-06C2-4C2B-BE86-1FFC0F0BDD91}.Release|Any CPU.ActiveCfg = Release|Any CPU
		{11FC788B-06C2-4C2B-BE86-1FFC0F0BDD91}.Release|Any CPU.Build.0 = Release|Any CPU
		{7545823C-33AE-4B3B-9286-A279AE676E74}.Debug|Any CPU.ActiveCfg = Debug|Any CPU
		{7545823C-33AE-4B3B-9286-A279AE676E74}.Debug|Any CPU.Build.0 = Debug|Any CPU
		{7545823C-33AE-4B3B-9286-A279AE676E74}.Release|Any CPU.ActiveCfg = Release|Any CPU
		{7545823C-33AE-4B3B-9286-A279AE676E74}.Release|Any CPU.Build.0 = Release|Any CPU
		{85A30584-18FF-48DE-A690-2B26D341F74B}.Debug|Any CPU.ActiveCfg = Debug|Any CPU
		{85A30584-18FF-48DE-A690-2B26D341F74B}.Debug|Any CPU.Build.0 = Debug|Any CPU
		{85A30584-18FF-48DE-A690-2B26D341F74B}.Release|Any CPU.ActiveCfg = Release|Any CPU
		{85A30584-18FF-48DE-A690-2B26D341F74B}.Release|Any CPU.Build.0 = Release|Any CPU
	EndGlobalSection
	GlobalSection(NestedProjects) = preSolution
		{59387AA7-7DEC-41B5-9F82-13172A0C4058} = {AACF54E7-A947-4C62-A6A3-AEADE2777F14}
		{48093B72-0FCE-47C7-893A-68F15F280031} = {AACF54E7-A947-4C62-A6A3-AEADE2777F14}
		{41EABA82-85B9-4509-86C1-037CA1ED367A} = {AACF54E7-A947-4C62-A6A3-AEADE2777F14}
		{987A0AB1-E952-44A0-8706-4BECB1AEDF9D} = {57F16411-4C51-4AEA-A92A-DC5582E019BA}
		{11FC788B-06C2-4C2B-BE86-1FFC0F0BDD91} = {57F16411-4C51-4AEA-A92A-DC5582E019BA}
		{7545823C-33AE-4B3B-9286-A279AE676E74} = {57F16411-4C51-4AEA-A92A-DC5582E019BA}
		{85A30584-18FF-48DE-A690-2B26D341F74B} = {57F16411-4C51-4AEA-A92A-DC5582E019BA}
	EndGlobalSection
EndGlobal
