
Microsoft Visual Studio Solution File, Format Version 12.00
Project("{FAE04EC0-301F-11D3-BF4B-00C04F79EFBC}") = "dnSpy.Extension.HoLLy", "dnSpy.Extension.HoLLy\dnSpy.Extension.HoLLy.csproj", "{00C1C422-315C-4E62-8F84-DE5B07A5A694}"
EndProject
Project("{FAE04EC0-301F-11D3-BF4B-00C04F79EFBC}") = "dnSpy.Contracts.DnSpy", "dnSpy\dnSpy\dnSpy.Contracts.DnSpy\dnSpy.Contracts.DnSpy.csproj", "{48093B72-0FCE-47C7-893A-68F15F280031}"
EndProject
Project("{FAE04EC0-301F-11D3-BF4B-00C04F79EFBC}") = "dnSpy.Contracts.Logic", "dnSpy\dnSpy\dnSpy.Contracts.Logic\dnSpy.Contracts.Logic.csproj", "{59387AA7-7DEC-41B5-9F82-13172A0C4058}"
EndProject
Project("{2150E333-8FDC-42A3-9474-1A3956D46DE8}") = "dnSpy", "dnSpy", "{AACF54E7-A947-4C62-A6A3-AEADE2777F14}"
EndProject
Global
	GlobalSection(SolutionConfigurationPlatforms) = preSolution
		Debug|Any CPU = Debug|Any CPU
		Release|Any CPU = Release|Any CPU
	EndGlobalSection
	GlobalSection(ProjectConfigurationPlatforms) = postSolution
		{00C1C422-315C-4E62-8F84-DE5B07A5A694}.Debug|Any CPU.ActiveCfg = Debug|Any CPU
		{00C1C422-315C-4E62-8F84-DE5B07A5A694}.Debug|Any CPU.Build.0 = Debug|Any CPU
		{00C1C422-315C-4E62-8F84-DE5B07A5A694}.Release|Any CPU.ActiveCfg = Release|Any CPU
		{00C1C422-315C-4E62-8F84-DE5B07A5A694}.Release|Any CPU.Build.0 = Release|Any CPU
		{48093B72-0FCE-47C7-893A-68F15F280031}.Debug|Any CPU.ActiveCfg = Debug|Any CPU
		{48093B72-0FCE-47C7-893A-68F15F280031}.Debug|Any CPU.Build.0 = Debug|Any CPU
		{48093B72-0FCE-47C7-893A-68F15F280031}.Release|Any CPU.ActiveCfg = Release|Any CPU
		{48093B72-0FCE-47C7-893A-68F15F280031}.Release|Any CPU.Build.0 = Release|Any CPU
		{59387AA7-7DEC-41B5-9F82-13172A0C4058}.Debug|Any CPU.ActiveCfg = Debug|Any CPU
		{59387AA7-7DEC-41B5-9F82-13172A0C4058}.Debug|Any CPU.Build.0 = Debug|Any CPU
		{59387AA7-7DEC-41B5-9F82-13172A0C4058}.Release|Any CPU.ActiveCfg = Release|Any CPU
		{59387AA7-7DEC-41B5-9F82-13172A0C4058}.Release|Any CPU.Build.0 = Release|Any CPU
	EndGlobalSection
	GlobalSection(NestedProjects) = preSolution
		{59387AA7-7DEC-41B5-9F82-13172A0C4058} = {AACF54E7-A947-4C62-A6A3-AEADE2777F14}
		{48093B72-0FCE-47C7-893A-68F15F280031} = {AACF54E7-A947-4C62-A6A3-AEADE2777F14}
	EndGlobalSection
EndGlobal
